<?xml version="1.0" encoding="utf-8"?>
<Project ToolsVersion="4.0" xmlns="http://schemas.microsoft.com/developer/msbuild/2003">
  <ItemGroup>
    <ClCompile Include="..\src\log.c" />
    <ClCompile Include="..\src\mapped_geonames.c" />
    <ClCompile Include="..\src\mapped_tokens.c" />
    <ClCompile Include="..\src\query.c" />
    <ClCompile Include="..\src\util.c" />
    <ClCompile Include="..\src\vector.c" />
    <ClCompile Include="..\src\process_query.c" />
  </ItemGroup>
  <ItemGroup>
    <ClInclude Include="..\src\log.h" />
    <ClInclude Include="..\src\mapped_geonames.h" />
    <ClInclude Include="..\src\mapped_tokens.h" />
    <ClInclude Include="..\src\standard.h" />
    <ClInclude Include="..\src\util.h" />
    <ClInclude Include="..\src\vector.h" />
    <ClInclude Include="..\src\process_query.h" />
  </ItemGroup>
</Project>